{
  "name": "xid-baseline-closure",
  "lockfileVersion": 3,
  "requires": true,
  "packages": {
    "": {
      "name": "xid-baseline-closure",
      "dependencies": {
        "@bcts/xid": "1.0.0-beta.6"
      }
    },
    "node_modules/@bcts/components": {
      "version": "1.0.0-beta.6",
      "resolved": "https://registry.npmjs.org/@bcts/components/-/components-1.0.0-beta.6.tgz",
      "integrity": "sha512-49XuO8p/JbAL8roFkBjUDhMwqvQHIvAcdWqzGS6Grq2un578E4BsnItWaTVgzOZYSAWq0gBJorXocFUu1hrEhA==",
      "license": "BSD-2-Clause-Patent",
      "dependencies": {
        "@bcts/crypto": "^1.0.0-beta.6",
        "@bcts/dcbor": "^1.0.0-beta.6",
        "@bcts/rand": "^1.0.0-beta.6",
        "@bcts/sskr": "^1.0.0-beta.6",
        "@bcts/tags": "^1.0.0-beta.6",
        "@bcts/uniform-resources": "^1.0.0-beta.6",
        "@noble/curves": "^2.2.0",
        "@noble/hashes": "^2.2.0",
        "@noble/post-quantum": "^0.6.1",
        "@scure/base": "^2.2.0",
        "@scure/sr25519": "^2.2.0",
        "pako": "^3.0.1"
      },
      "engines": {
        "node": ">=18.0.0"
      }
    },
    "node_modules/@bcts/crypto": {
      "version": "1.0.0-beta.6",
      "resolved": "https://registry.npmjs.org/@bcts/crypto/-/crypto-1.0.0-beta.6.tgz",
      "integrity": "sha512-o05OmhjLTNeGRBKKuduWmPNACYs+oyUQ7Kdbu5nMGehv0E/QHPSfX+jZHjonPow9wYz6cvwU8Lln0S/lC0Cxuw==",
      "license": "BSD-2-Clause-Patent",
      "dependencies": {
        "@bcts/rand": "^1.0.0-beta.6",
        "@noble/ciphers": "^2.2.0",
        "@noble/curves": "^2.2.0",
        "@noble/hashes": "^2.2.0"
      },
      "engines": {
        "node": ">=18.0.0"
      }
    },
    "node_modules/@bcts/dcbor": {
      "version": "1.0.0-beta.6",
      "resolved": "https://registry.npmjs.org/@bcts/dcbor/-/dcbor-1.0.0-beta.6.tgz",
      "integrity": "sha512-LVnifVJPD3RkvVGzzYzDWYTrgTxUBPuLpPvnFbDnYeS/7pFvN6qv9OjnRnLb4Ug2WrwBMm7aMnG17iqT87u4/A==",
      "license": "BSD-2-Clause-Patent",
      "dependencies": {
        "@blockchaincommons/dcbor": "^1.0.0-beta.1"
      },
      "engines": {
        "node": ">=18.0.0"
      }
    },
    "node_modules/@bcts/envelope": {
      "version": "1.0.0-beta.6",
      "resolved": "https://registry.npmjs.org/@bcts/envelope/-/envelope-1.0.0-beta.6.tgz",
      "integrity": "sha512-70n4xshiHikE/Xur7oi+s2s684upb38dcPHetLVBjCuVd3/Wv1jDPphLwOzHDvopGd2nYIFtzBlmCd92NGay0g==",
      "license": "BSD-2-Clause-Patent",
      "dependencies": {
        "@bcts/components": "^1.0.0-beta.6",
        "@bcts/crypto": "^1.0.0-beta.6",
        "@bcts/dcbor": "^1.0.0-beta.6",
        "@bcts/known-values": "^1.0.0-beta.6",
        "@bcts/rand": "^1.0.0-beta.6",
        "@bcts/sskr": "^1.0.0-beta.6",
        "@bcts/tags": "^1.0.0-beta.6",
        "@bcts/uniform-resources": "^1.0.0-beta.6",
        "pako": "^3.0.1"
      },
      "engines": {
        "node": ">=18.0.0"
      }
    },
    "node_modules/@bcts/known-values": {
      "version": "1.0.0-beta.6",
      "resolved": "https://registry.npmjs.org/@bcts/known-values/-/known-values-1.0.0-beta.6.tgz",
      "integrity": "sha512-oIoQKnlmFR1cKeo7pj0RhzA6nW3PGVx2LETnZoTESBsqXz90ezmjA/3M4yvJN3PSouyd6CYBPeXYmZ4GZPP93A==",
      "license": "BSD-2-Clause-Patent",
      "dependencies": {
        "@bcts/components": "^1.0.0-beta.6",
        "@bcts/dcbor": "^1.0.0-beta.6"
      }
    },
    "node_modules/@bcts/provenance-mark": {
      "version": "1.0.0-beta.6",
      "resolved": "https://registry.npmjs.org/@bcts/provenance-mark/-/provenance-mark-1.0.0-beta.6.tgz",
      "integrity": "sha512-SD9iniN3WozunIpXX9Bou3xveWmgXh2AB0b62MqYTi+VKqyEe51pOq2J9hHoWjawYcQDHEKFiN40cNWAIqxQfA==",
      "license": "BSD-2-Clause-Patent",
      "dependencies": {
        "@bcts/dcbor": "^1.0.0-beta.6",
        "@bcts/envelope": "^1.0.0-beta.6",
        "@bcts/rand": "^1.0.0-beta.6",
        "@bcts/tags": "^1.0.0-beta.6",
        "@bcts/uniform-resources": "^1.0.0-beta.6",
        "@noble/ciphers": "^2.2.0",
        "@noble/hashes": "^2.2.0"
      },
      "engines": {
        "node": ">=18.0.0"
      }
    },
    "node_modules/@bcts/rand": {
      "version": "1.0.0-beta.6",
      "resolved": "https://registry.npmjs.org/@bcts/rand/-/rand-1.0.0-beta.6.tgz",
      "integrity": "sha512-i8ayDtIqSBZDKid04yuHzGZsG3uUGGG5tQ+uME59+40K1c0oNy+ESgNpBn+Etj+Q1+3P8isZ8z0LQX18ZZmYvw==",
      "license": "BSD-2-Clause-Patent",
      "engines": {
        "node": ">=18.0.0"
      }
    },
    "node_modules/@bcts/shamir": {
      "version": "1.0.0-beta.6",
      "resolved": "https://registry.npmjs.org/@bcts/shamir/-/shamir-1.0.0-beta.6.tgz",
      "integrity": "sha512-5iH9tgcWzsRwJ7F470n/QFO8Ck3jZaTfJbg2uHmzGtkEBFIuyA9OExdmn+db0A+ZA4z3dB2o/r4gyT+JWKylDg==",
      "license": "BSD-2-Clause-Patent",
      "dependencies": {
        "@bcts/crypto": "^1.0.0-beta.6",
        "@bcts/rand": "^1.0.0-beta.6"
      },
      "engines": {
        "node": ">=18.0.0"
      }
    },
    "node_modules/@bcts/sskr": {
      "version": "1.0.0-beta.6",
      "resolved": "https://registry.npmjs.org/@bcts/sskr/-/sskr-1.0.0-beta.6.tgz",
      "integrity": "sha512-3Yh2izDx/8S4GZzmEWTvhwTRooaXLXBjepgKpcrspAQ1by1GsU8YV7uhLRnFtTKPtrdRezHJIvlXwkDwKb5MHw==",
      "license": "BSD-2-Clause-Patent",
      "dependencies": {
        "@bcts/rand": "^1.0.0-beta.6",
        "@bcts/shamir": "^1.0.0-beta.6"
      },
      "engines": {
        "node": ">=18.0.0"
      }
    },
    "node_modules/@bcts/tags": {
      "version": "1.0.0-beta.6",
      "resolved": "https://registry.npmjs.org/@bcts/tags/-/tags-1.0.0-beta.6.tgz",
      "integrity": "sha512-yEDdEfSHmMyM4gFwHCuYw6rUcuGG0qmeN9tH5Lc6gJW8vFsWFNdsx2OyAUX8aIhjBNAo2onV3ruzL4fv1A5qOQ==",
      "license": "BSD-2-Clause-Patent",
      "dependencies": {
        "@bcts/dcbor": "^1.0.0-beta.6"
      },
      "engines": {
        "node": ">=18.0.0"
      }
    },
    "node_modules/@bcts/uniform-resources": {
      "version": "1.0.0-beta.6",
      "resolved": "https://registry.npmjs.org/@bcts/uniform-resources/-/uniform-resources-1.0.0-beta.6.tgz",
      "integrity": "sha512-bord9vidOdp94OoAqfOxwU/wOp9ozpSBEmw9gXOnQ0OMXEUWoyZ4jjp0AAL5cLkk8RIX7Kslq9dJWe6tXt0R+A==",
      "license": "BSD-2-Clause-Patent",
      "dependencies": {
        "@bcts/crypto": "^1.0.0-beta.6",
        "@bcts/dcbor": "^1.0.0-beta.6"
      },
      "engines": {
        "node": ">=18.0.0"
      }
    },
    "node_modules/@bcts/xid": {
      "version": "1.0.0-beta.6",
      "resolved": "https://registry.npmjs.org/@bcts/xid/-/xid-1.0.0-beta.6.tgz",
      "integrity": "sha512-EY+ngaBDGJqMjRkPiU6mo3mv/UEnH3FoBhP1lDQbvxc1V0ccDwZh5B9a2J7ey/j/CYqQOPzpZQ8koqkvuc72kQ==",
      "license": "BSD-2-Clause-Patent",
      "dependencies": {
        "@bcts/components": "^1.0.0-beta.6",
        "@bcts/dcbor": "^1.0.0-beta.6",
        "@bcts/envelope": "^1.0.0-beta.6",
        "@bcts/known-values": "^1.0.0-beta.6",
        "@bcts/provenance-mark": "^1.0.0-beta.6",
        "@bcts/uniform-resources": "^1.0.0-beta.6"
      },
      "engines": {
        "node": ">=18.0.0"
      }
    },
    "node_modules/@blockchaincommons/dcbor": {
      "version": "1.0.0-beta.1",
      "resolved": "https://registry.npmjs.org/@blockchaincommons/dcbor/-/dcbor-1.0.0-beta.1.tgz",
      "integrity": "sha512-VJrG/3KTYtSP0UJel1MA3HpatTpsgtbre/W9ejfjepAaNCJchJgv6Efv1UDPwLdS1MhJtXd2bM3GNUSK79dhdw==",
      "hasInstallScript": true,
      "license": "BSD-2-Clause-Patent",
      "engines": {
        "node": ">=22.12"
      }
    },
    "node_modules/@noble/ciphers": {
      "version": "2.4.0",
      "resolved": "https://registry.npmjs.org/@noble/ciphers/-/ciphers-2.4.0.tgz",
      "integrity": "sha512-AnjFn0Jv92laAkvMrghlFZq4qQCIN/4DxFV/eooqtC2YTjB7kBeLMS2T9KJX4Dn+ZVXLOwK0lSgqDtx9gvxtiw==",
      "license": "MIT",
      "engines": {
        "node": ">= 20.19.0"
      },
      "funding": {
        "url": "https://paulmillr.com/funding/"
      }
    },
    "node_modules/@noble/curves": {
      "version": "2.4.0",
      "resolved": "https://registry.npmjs.org/@noble/curves/-/curves-2.4.0.tgz",
      "integrity": "sha512-P4/62zrgfH33CneE3Dn4WhJVA22YUU0eR51wKIan4NVRvwsA0YnPTwWGpNbpuacSujmSFLvyzpyuR30+fbq2Ew==",
      "license": "MIT",
      "dependencies": {
        "@noble/hashes": "2.4.0"
      },
      "engines": {
        "node": ">= 20.19.0"
      },
      "funding": {
        "url": "https://paulmillr.com/funding/"
      }
    },
    "node_modules/@noble/hashes": {
      "version": "2.4.0",
      "resolved": "https://registry.npmjs.org/@noble/hashes/-/hashes-2.4.0.tgz",
      "integrity": "sha512-X5XaVWZIBCT7HHZGm5I7ZQXDwLG+bGXuSrMQAW+7Zvl87h1kmc1ZB1VSRJcpUfoUrGQp4Fkoxm5kZ+Ms+aW+eA==",
      "license": "MIT",
      "engines": {
        "node": ">= 20.19.0"
      },
      "funding": {
        "url": "https://paulmillr.com/funding/"
      }
    },
    "node_modules/@noble/post-quantum": {
      "version": "0.6.1",
      "resolved": "https://registry.npmjs.org/@noble/post-quantum/-/post-quantum-0.6.1.tgz",
      "integrity": "sha512-+pormrDZwjRw05U8ADK4JpHejo87+gBd+muRBB/ozztH5yhDLMDF4jHQWN3NQQAsu1zBNPWTG0ZwVI0CR29H0A==",
      "license": "MIT",
      "dependencies": {
        "@noble/ciphers": "~2.2.0",
        "@noble/curves": "~2.2.0",
        "@noble/hashes": "~2.2.0"
      },
      "engines": {
        "node": ">= 20.19.0"
      },
      "funding": {
        "url": "https://paulmillr.com/funding/"
      }
    },
    "node_modules/@noble/post-quantum/node_modules/@noble/ciphers": {
      "version": "2.2.0",
      "resolved": "https://registry.npmjs.org/@noble/ciphers/-/ciphers-2.2.0.tgz",
      "integrity": "sha512-Z6pjIZ/8IJcCGzb2S/0Px5J81yij85xASuk1teLNeg75bfT07MV3a/O2Mtn1I2se43k3lkVEcFaR10N4cgQcZA==",
      "license": "MIT",
      "engines": {
        "node": ">= 20.19.0"
      },
      "funding": {
        "url": "https://paulmillr.com/funding/"
      }
    },
    "node_modules/@noble/post-quantum/node_modules/@noble/curves": {
      "version": "2.2.0",
      "resolved": "https://registry.npmjs.org/@noble/curves/-/curves-2.2.0.tgz",
      "integrity": "sha512-T/BoHgFXirb0ENSPBquzX0rcjXeM6Lo892a2jlYJkqk83LqZx0l1Of7DzlKJ6jkpvMrkHSnAcgb5JegL8SeIkQ==",
      "license": "MIT",
      "dependencies": {
        "@noble/hashes": "2.2.0"
      },
      "engines": {
        "node": ">= 20.19.0"
      },
      "funding": {
        "url": "https://paulmillr.com/funding/"
      }
    },
    "node_modules/@noble/post-quantum/node_modules/@noble/hashes": {
      "version": "2.2.0",
      "resolved": "https://registry.npmjs.org/@noble/hashes/-/hashes-2.2.0.tgz",
      "integrity": "sha512-IYqDGiTXab6FniAgnSdZwgWbomxpy9FtYvLKs7wCUs2a8RkITG+DFGO1DM9cr+E3/RgADRpFjrKVaJ1z6sjtEg==",
      "license": "MIT",
      "engines": {
        "node": ">= 20.19.0"
      },
      "funding": {
        "url": "https://paulmillr.com/funding/"
      }
    },
    "node_modules/@scure/base": {
      "version": "2.4.0",
      "resolved": "https://registry.npmjs.org/@scure/base/-/base-2.4.0.tgz",
      "integrity": "sha512-thZ1TuJwFwBblOhgsjDKvvGirBxNp+wSvY/DR6tJBJOTDhdAAcHJ8Vbr2eFnqaxeca4+t0i9KBf+uHYGWwZORg==",
      "license": "MIT",
      "funding": {
        "url": "https://paulmillr.com/funding/"
      }
    },
    "node_modules/@scure/sr25519": {
      "version": "2.4.0",
      "resolved": "https://registry.npmjs.org/@scure/sr25519/-/sr25519-2.4.0.tgz",
      "integrity": "sha512-Xzpy/MuVqR8wNHrXrz6HHLqCI8nPirQmJEhOMabZ8jSrM6bQiDg+1xkUgw4+Kr7857u3xxQL/PfKFeav9rodZg==",
      "license": "MIT",
      "dependencies": {
        "@noble/curves": "2.4.0",
        "@noble/hashes": "2.4.0"
      },
      "engines": {
        "node": ">= 20.19.0"
      },
      "funding": {
        "url": "https://paulmillr.com/funding/"
      }
    },
    "node_modules/pako": {
      "version": "3.0.1",
      "resolved": "https://registry.npmjs.org/pako/-/pako-3.0.1.tgz",
      "integrity": "sha512-GupotUUI0mlhugKjUs4bjOwLt3nrehy9Ys2dxC0GtgVef5cnKggkDMmf2bq2poCCuVXopWPmqsc9VDT2iJUy+w==",
      "funding": [
        {
          "type": "github",
          "url": "https://github.com/sponsors/puzrin"
        },
        {
          "type": "github",
          "url": "https://github.com/sponsors/nodeca"
        }
      ],
      "license": "(MIT AND Zlib)"
    }
  }
}
